
Microsoft Visual Studio Solution File, Format Version 12.00
# Visual Studio 2013
VisualStudioVersion = 12.0.30723.0
MinimumVisualStudioVersion = 10.0.40219.1
Project("{FAE04EC0-301F-11D3-BF4B-00C04F79EFBC}") = "LauncherLib", "LauncherLib\LauncherLib.csproj", "{D63EB2ED-20D6-4C55-AC31-9AC398630687}"
EndProject
Global
	GlobalSection(SolutionConfigurationPlatforms) = preSolution
		Debug|Any CPU = Debug|Any CPU
		Release|Any CPU = Release|Any CPU
	EndGlobalSection
	GlobalSection(ProjectConfigurationPlatforms) = postSolution
		{D63EB2ED-20D6-4C55-AC31-9AC398630687}.Debug|Any CPU.ActiveCfg = Debug|Any CPU
		{D63EB2ED-20D6-4C55-AC31-9AC398630687}.Debug|Any CPU.Build.0 = Debug|Any CPU
		{D63EB2ED-20D6-4C55-AC31-9AC398630687}.Release|Any CPU.ActiveCfg = Release|Any CPU
		{D63EB2ED-20D6-4C55-AC31-9AC398630687}.Release|Any CPU.Build.0 = Release|Any CPU
	EndGlobalSection
	GlobalSection(SolutionProperties) = preSolution
		HideSolutionNode = FALSE
	EndGlobalSection
EndGlobal
