
Microsoft Visual Studio Solution File, Format Version 12.00
# Visual Studio 2013
VisualStudioVersion = 12.0.30723.0
MinimumVisualStudioVersion = 10.0.40219.1
Project("{FAE04EC0-301F-11D3-BF4B-00C04F79EFBC}") = "EpochLauncher", "EpochLauncher\EpochLauncher.csproj", "{E5E4FABD-C337-4027-989D-A01543C375A2}"
EndProject
Project("{FAE04EC0-301F-11D3-BF4B-00C04F79EFBC}") = "Launcher", "Launcher\Launcher.csproj", "{02F35EEC-E672-484E-B215-0A5F364CFFD8}"
EndProject
Project("{FAE04EC0-301F-11D3-BF4B-00C04F79EFBC}") = "Launcher.ConsoleTest", "Launcher.ConsoleTest\Launcher.ConsoleTest.csproj", "{FC0F9A48-97AC-412C-90CB-6470671577E3}"
Project("{FAE04EC0-301F-11D3-BF4B-00C04F79EFBC}") = "LauncherTests", "LauncherTests\LauncherTests.csproj", "{D2AD2BC1-84CA-49DF-AD4D-214657CD7A18}"
EndProject
Global
	GlobalSection(SolutionConfigurationPlatforms) = preSolution
		Debug|Any CPU = Debug|Any CPU
		Debug|Mixed Platforms = Debug|Mixed Platforms
		Debug|Win32 = Debug|Win32
		Debug|x86 = Debug|x86
		Release|Any CPU = Release|Any CPU
		Release|Mixed Platforms = Release|Mixed Platforms
		Release|Win32 = Release|Win32
		Release|x86 = Release|x86
	EndGlobalSection
	GlobalSection(ProjectConfigurationPlatforms) = postSolution
		{E5E4FABD-C337-4027-989D-A01543C375A2}.Debug|Any CPU.ActiveCfg = Debug|Any CPU
		{E5E4FABD-C337-4027-989D-A01543C375A2}.Debug|Any CPU.Build.0 = Debug|Any CPU
		{E5E4FABD-C337-4027-989D-A01543C375A2}.Debug|Mixed Platforms.ActiveCfg = Debug|Any CPU
		{E5E4FABD-C337-4027-989D-A01543C375A2}.Debug|Mixed Platforms.Build.0 = Debug|Any CPU
		{E5E4FABD-C337-4027-989D-A01543C375A2}.Debug|Win32.ActiveCfg = Debug|Any CPU
		{E5E4FABD-C337-4027-989D-A01543C375A2}.Debug|x86.ActiveCfg = Debug|x86
		{E5E4FABD-C337-4027-989D-A01543C375A2}.Debug|x86.Build.0 = Debug|x86
		{E5E4FABD-C337-4027-989D-A01543C375A2}.Release|Any CPU.ActiveCfg = Release|Any CPU
		{E5E4FABD-C337-4027-989D-A01543C375A2}.Release|Any CPU.Build.0 = Release|Any CPU
		{E5E4FABD-C337-4027-989D-A01543C375A2}.Release|Mixed Platforms.ActiveCfg = Release|Any CPU
		{E5E4FABD-C337-4027-989D-A01543C375A2}.Release|Mixed Platforms.Build.0 = Release|Any CPU
		{E5E4FABD-C337-4027-989D-A01543C375A2}.Release|Win32.ActiveCfg = Release|Any CPU
		{E5E4FABD-C337-4027-989D-A01543C375A2}.Release|x86.ActiveCfg = Release|x86
		{E5E4FABD-C337-4027-989D-A01543C375A2}.Release|x86.Build.0 = Release|x86
		{02F35EEC-E672-484E-B215-0A5F364CFFD8}.Debug|Any CPU.ActiveCfg = Debug|Any CPU
		{02F35EEC-E672-484E-B215-0A5F364CFFD8}.Debug|Any CPU.Build.0 = Debug|Any CPU
		{02F35EEC-E672-484E-B215-0A5F364CFFD8}.Debug|Mixed Platforms.ActiveCfg = Debug|Any CPU
		{02F35EEC-E672-484E-B215-0A5F364CFFD8}.Debug|Mixed Platforms.Build.0 = Debug|Any CPU
		{02F35EEC-E672-484E-B215-0A5F364CFFD8}.Debug|Win32.ActiveCfg = Debug|Any CPU
		{02F35EEC-E672-484E-B215-0A5F364CFFD8}.Debug|x86.ActiveCfg = Debug|Any CPU
		{02F35EEC-E672-484E-B215-0A5F364CFFD8}.Release|Any CPU.ActiveCfg = Release|Any CPU
		{02F35EEC-E672-484E-B215-0A5F364CFFD8}.Release|Any CPU.Build.0 = Release|Any CPU
		{02F35EEC-E672-484E-B215-0A5F364CFFD8}.Release|Mixed Platforms.ActiveCfg = Release|Any CPU
		{02F35EEC-E672-484E-B215-0A5F364CFFD8}.Release|Mixed Platforms.Build.0 = Release|Any CPU
		{02F35EEC-E672-484E-B215-0A5F364CFFD8}.Release|Win32.ActiveCfg = Release|Any CPU
		{02F35EEC-E672-484E-B215-0A5F364CFFD8}.Release|x86.ActiveCfg = Release|Any CPU
		{FC0F9A48-97AC-412C-90CB-6470671577E3}.Debug|Any CPU.ActiveCfg = Debug|Any CPU
		{FC0F9A48-97AC-412C-90CB-6470671577E3}.Debug|Any CPU.Build.0 = Debug|Any CPU
		{FC0F9A48-97AC-412C-90CB-6470671577E3}.Debug|Mixed Platforms.ActiveCfg = Debug|Any CPU
		{FC0F9A48-97AC-412C-90CB-6470671577E3}.Debug|Mixed Platforms.Build.0 = Debug|Any CPU
		{FC0F9A48-97AC-412C-90CB-6470671577E3}.Debug|Win32.ActiveCfg = Debug|Any CPU
		{FC0F9A48-97AC-412C-90CB-6470671577E3}.Debug|x86.ActiveCfg = Debug|Any CPU
		{FC0F9A48-97AC-412C-90CB-6470671577E3}.Release|Any CPU.ActiveCfg = Release|Any CPU
		{FC0F9A48-97AC-412C-90CB-6470671577E3}.Release|Any CPU.Build.0 = Release|Any CPU
		{FC0F9A48-97AC-412C-90CB-6470671577E3}.Release|Mixed Platforms.ActiveCfg = Release|Any CPU
		{FC0F9A48-97AC-412C-90CB-6470671577E3}.Release|Mixed Platforms.Build.0 = Release|Any CPU
		{FC0F9A48-97AC-412C-90CB-6470671577E3}.Release|Win32.ActiveCfg = Release|Any CPU
		{FC0F9A48-97AC-412C-90CB-6470671577E3}.Release|x86.ActiveCfg = Release|Any CPU
		{D2AD2BC1-84CA-49DF-AD4D-214657CD7A18}.Debug|Any CPU.ActiveCfg = Debug|Any CPU
		{D2AD2BC1-84CA-49DF-AD4D-214657CD7A18}.Debug|Any CPU.Build.0 = Debug|Any CPU
		{D2AD2BC1-84CA-49DF-AD4D-214657CD7A18}.Debug|Mixed Platforms.ActiveCfg = Debug|Any CPU
		{D2AD2BC1-84CA-49DF-AD4D-214657CD7A18}.Debug|Mixed Platforms.Build.0 = Debug|Any CPU
		{D2AD2BC1-84CA-49DF-AD4D-214657CD7A18}.Debug|Win32.ActiveCfg = Debug|Any CPU
		{D2AD2BC1-84CA-49DF-AD4D-214657CD7A18}.Debug|x86.ActiveCfg = Debug|Any CPU
		{D2AD2BC1-84CA-49DF-AD4D-214657CD7A18}.Release|Any CPU.ActiveCfg = Release|Any CPU
		{D2AD2BC1-84CA-49DF-AD4D-214657CD7A18}.Release|Any CPU.Build.0 = Release|Any CPU
		{D2AD2BC1-84CA-49DF-AD4D-214657CD7A18}.Release|Mixed Platforms.ActiveCfg = Release|Any CPU
		{D2AD2BC1-84CA-49DF-AD4D-214657CD7A18}.Release|Mixed Platforms.Build.0 = Release|Any CPU
		{D2AD2BC1-84CA-49DF-AD4D-214657CD7A18}.Release|Win32.ActiveCfg = Release|Any CPU
		{D2AD2BC1-84CA-49DF-AD4D-214657CD7A18}.Release|x86.ActiveCfg = Release|Any CPU
	EndGlobalSection
	GlobalSection(SolutionProperties) = preSolution
		HideSolutionNode = FALSE
	EndGlobalSection
EndGlobal
